
Microsoft Visual Studio Solution File, Format Version 12.00
# Visual Studio 2013
VisualStudioVersion = 12.0.30501.0
MinimumVisualStudioVersion = 10.0.40219.1
Project("{FAE04EC0-301F-11D3-BF4B-00C04F79EFBC}") = "PathFinder.WinForms.Controls", "PathFinder.WinForms.Controls\PathFinder.WinForms.Controls.csproj", "{637E7A7F-4F1C-4AC3-BB3C-E6C64F75CDFA}"
EndProject
Project("{FAE04EC0-301F-11D3-BF4B-00C04F79EFBC}") = "PathFinder.Core", "PathFinder.Core\PathFinder.Core.csproj", "{3BFE897D-64C9-4460-A595-750696B817E2}"
EndProject
Project("{FAE04EC0-301F-11D3-BF4B-00C04F79EFBC}") = "PathFinder.Plugins", "PathFinder.Plugins\PathFinder.Plugins.csproj", "{EE995A88-31E6-4BDC-9C87-C4C9EEDB28AA}"
EndProject
Project("{2150E333-8FDC-42A3-9474-1A3956D46DE8}") = "Plugins", "Plugins", "{AFDD20DA-81E2-47D1-B74D-BFCEA2A3147B}"
EndProject
Project("{FAE04EC0-301F-11D3-BF4B-00C04F79EFBC}") = "PathFinder.Core.Helpers", "PathFinder.Core.Helpers\PathFinder.Core.Helpers.csproj", "{71F6903C-7524-450A-AF38-CAA96690B60F}"
EndProject
Project("{FAE04EC0-301F-11D3-BF4B-00C04F79EFBC}") = "PathFinder.Register", "PathFinder.Register\PathFinder.Register.csproj", "{C0556333-5FAC-4F1D-847C-5F06ADDB4F28}"
EndProject
Project("{FAE04EC0-301F-11D3-BF4B-00C04F79EFBC}") = "PathFinder.WinForms", "PathFinder\PathFinder.WinForms.csproj", "{4024CB54-B419-4F96-938B-303288B955D2}"
	ProjectSection(ProjectDependencies) = postProject
		{5A739D28-9188-427B-8EB8-1C715D50D289} = {5A739D28-9188-427B-8EB8-1C715D50D289}
	EndProjectSection
EndProject
Project("{FAE04EC0-301F-11D3-BF4B-00C04F79EFBC}") = "PathFinder.Plugins.TestPlugin", "PathFinder.Plugins.TestPlugin\PathFinder.Plugins.TestPlugin.csproj", "{5A739D28-9188-427B-8EB8-1C715D50D289}"
EndProject
Global
	GlobalSection(SolutionConfigurationPlatforms) = preSolution
		CodeAnalysisDebug|Any CPU = CodeAnalysisDebug|Any CPU
		CodeAnalysisDebug|Mixed Platforms = CodeAnalysisDebug|Mixed Platforms
		CodeAnalysisDebug|x64 = CodeAnalysisDebug|x64
		CodeAnalysisDebug|x86 = CodeAnalysisDebug|x86
		Debug|Any CPU = Debug|Any CPU
		Debug|Mixed Platforms = Debug|Mixed Platforms
		Debug|x64 = Debug|x64
		Debug|x86 = Debug|x86
		Release|Any CPU = Release|Any CPU
		Release|Mixed Platforms = Release|Mixed Platforms
		Release|x64 = Release|x64
		Release|x86 = Release|x86
	EndGlobalSection
	GlobalSection(ProjectConfigurationPlatforms) = postSolution
		{637E7A7F-4F1C-4AC3-BB3C-E6C64F75CDFA}.CodeAnalysisDebug|Any CPU.ActiveCfg = Debug|Any CPU
		{637E7A7F-4F1C-4AC3-BB3C-E6C64F75CDFA}.CodeAnalysisDebug|Any CPU.Build.0 = Debug|Any CPU
		{637E7A7F-4F1C-4AC3-BB3C-E6C64F75CDFA}.CodeAnalysisDebug|Mixed Platforms.ActiveCfg = Debug|Any CPU
		{637E7A7F-4F1C-4AC3-BB3C-E6C64F75CDFA}.CodeAnalysisDebug|Mixed Platforms.Build.0 = Debug|Any CPU
		{637E7A7F-4F1C-4AC3-BB3C-E6C64F75CDFA}.CodeAnalysisDebug|x64.ActiveCfg = Debug|Any CPU
		{637E7A7F-4F1C-4AC3-BB3C-E6C64F75CDFA}.CodeAnalysisDebug|x86.ActiveCfg = Debug|Any CPU
		{637E7A7F-4F1C-4AC3-BB3C-E6C64F75CDFA}.Debug|Any CPU.ActiveCfg = Debug|Any CPU
		{637E7A7F-4F1C-4AC3-BB3C-E6C64F75CDFA}.Debug|Any CPU.Build.0 = Debug|Any CPU
		{637E7A7F-4F1C-4AC3-BB3C-E6C64F75CDFA}.Debug|Mixed Platforms.ActiveCfg = Debug|Any CPU
		{637E7A7F-4F1C-4AC3-BB3C-E6C64F75CDFA}.Debug|Mixed Platforms.Build.0 = Debug|Any CPU
		{637E7A7F-4F1C-4AC3-BB3C-E6C64F75CDFA}.Debug|x64.ActiveCfg = Debug|Any CPU
		{637E7A7F-4F1C-4AC3-BB3C-E6C64F75CDFA}.Debug|x86.ActiveCfg = Debug|Any CPU
		{637E7A7F-4F1C-4AC3-BB3C-E6C64F75CDFA}.Release|Any CPU.ActiveCfg = Release|Any CPU
		{637E7A7F-4F1C-4AC3-BB3C-E6C64F75CDFA}.Release|Any CPU.Build.0 = Release|Any CPU
		{637E7A7F-4F1C-4AC3-BB3C-E6C64F75CDFA}.Release|Mixed Platforms.ActiveCfg = Release|Any CPU
		{637E7A7F-4F1C-4AC3-BB3C-E6C64F75CDFA}.Release|Mixed Platforms.Build.0 = Release|Any CPU
		{637E7A7F-4F1C-4AC3-BB3C-E6C64F75CDFA}.Release|x64.ActiveCfg = Release|Any CPU
		{637E7A7F-4F1C-4AC3-BB3C-E6C64F75CDFA}.Release|x86.ActiveCfg = Release|Any CPU
		{3BFE897D-64C9-4460-A595-750696B817E2}.CodeAnalysisDebug|Any CPU.ActiveCfg = Debug|Any CPU
		{3BFE897D-64C9-4460-A595-750696B817E2}.CodeAnalysisDebug|Any CPU.Build.0 = Debug|Any CPU
		{3BFE897D-64C9-4460-A595-750696B817E2}.CodeAnalysisDebug|Mixed Platforms.ActiveCfg = Debug|Any CPU
		{3BFE897D-64C9-4460-A595-750696B817E2}.CodeAnalysisDebug|Mixed Platforms.Build.0 = Debug|Any CPU
		{3BFE897D-64C9-4460-A595-750696B817E2}.CodeAnalysisDebug|x64.ActiveCfg = Debug|Any CPU
		{3BFE897D-64C9-4460-A595-750696B817E2}.CodeAnalysisDebug|x86.ActiveCfg = Debug|Any CPU
		{3BFE897D-64C9-4460-A595-750696B817E2}.Debug|Any CPU.ActiveCfg = Debug|Any CPU
		{3BFE897D-64C9-4460-A595-750696B817E2}.Debug|Any CPU.Build.0 = Debug|Any CPU
		{3BFE897D-64C9-4460-A595-750696B817E2}.Debug|Mixed Platforms.ActiveCfg = Debug|Any CPU
		{3BFE897D-64C9-4460-A595-750696B817E2}.Debug|Mixed Platforms.Build.0 = Debug|Any CPU
		{3BFE897D-64C9-4460-A595-750696B817E2}.Debug|x64.ActiveCfg = Debug|Any CPU
		{3BFE897D-64C9-4460-A595-750696B817E2}.Debug|x86.ActiveCfg = Debug|Any CPU
		{3BFE897D-64C9-4460-A595-750696B817E2}.Release|Any CPU.ActiveCfg = Release|Any CPU
		{3BFE897D-64C9-4460-A595-750696B817E2}.Release|Any CPU.Build.0 = Release|Any CPU
		{3BFE897D-64C9-4460-A595-750696B817E2}.Release|Mixed Platforms.ActiveCfg = Release|Any CPU
		{3BFE897D-64C9-4460-A595-750696B817E2}.Release|Mixed Platforms.Build.0 = Release|Any CPU
		{3BFE897D-64C9-4460-A595-750696B817E2}.Release|x64.ActiveCfg = Release|Any CPU
		{3BFE897D-64C9-4460-A595-750696B817E2}.Release|x86.ActiveCfg = Release|Any CPU
		{EE995A88-31E6-4BDC-9C87-C4C9EEDB28AA}.CodeAnalysisDebug|Any CPU.ActiveCfg = Debug|Any CPU
		{EE995A88-31E6-4BDC-9C87-C4C9EEDB28AA}.CodeAnalysisDebug|Any CPU.Build.0 = Debug|Any CPU
		{EE995A88-31E6-4BDC-9C87-C4C9EEDB28AA}.CodeAnalysisDebug|Mixed Platforms.ActiveCfg = Debug|Any CPU
		{EE995A88-31E6-4BDC-9C87-C4C9EEDB28AA}.CodeAnalysisDebug|Mixed Platforms.Build.0 = Debug|Any CPU
		{EE995A88-31E6-4BDC-9C87-C4C9EEDB28AA}.CodeAnalysisDebug|x64.ActiveCfg = Debug|Any CPU
		{EE995A88-31E6-4BDC-9C87-C4C9EEDB28AA}.CodeAnalysisDebug|x86.ActiveCfg = Debug|Any CPU
		{EE995A88-31E6-4BDC-9C87-C4C9EEDB28AA}.Debug|Any CPU.ActiveCfg = Debug|Any CPU
		{EE995A88-31E6-4BDC-9C87-C4C9EEDB28AA}.Debug|Any CPU.Build.0 = Debug|Any CPU
		{EE995A88-31E6-4BDC-9C87-C4C9EEDB28AA}.Debug|Mixed Platforms.ActiveCfg = Debug|Any CPU
		{EE995A88-31E6-4BDC-9C87-C4C9EEDB28AA}.Debug|Mixed Platforms.Build.0 = Debug|Any CPU
		{EE995A88-31E6-4BDC-9C87-C4C9EEDB28AA}.Debug|x64.ActiveCfg = Debug|Any CPU
		{EE995A88-31E6-4BDC-9C87-C4C9EEDB28AA}.Debug|x86.ActiveCfg = Debug|Any CPU
		{EE995A88-31E6-4BDC-9C87-C4C9EEDB28AA}.Release|Any CPU.ActiveCfg = Release|Any CPU
		{EE995A88-31E6-4BDC-9C87-C4C9EEDB28AA}.Release|Any CPU.Build.0 = Release|Any CPU
		{EE995A88-31E6-4BDC-9C87-C4C9EEDB28AA}.Release|Mixed Platforms.ActiveCfg = Release|Any CPU
		{EE995A88-31E6-4BDC-9C87-C4C9EEDB28AA}.Release|Mixed Platforms.Build.0 = Release|Any CPU
		{EE995A88-31E6-4BDC-9C87-C4C9EEDB28AA}.Release|x64.ActiveCfg = Release|Any CPU
		{EE995A88-31E6-4BDC-9C87-C4C9EEDB28AA}.Release|x86.ActiveCfg = Release|Any CPU
		{71F6903C-7524-450A-AF38-CAA96690B60F}.CodeAnalysisDebug|Any CPU.ActiveCfg = Debug|Any CPU
		{71F6903C-7524-450A-AF38-CAA96690B60F}.CodeAnalysisDebug|Any CPU.Build.0 = Debug|Any CPU
		{71F6903C-7524-450A-AF38-CAA96690B60F}.CodeAnalysisDebug|Mixed Platforms.ActiveCfg = Debug|Any CPU
		{71F6903C-7524-450A-AF38-CAA96690B60F}.CodeAnalysisDebug|Mixed Platforms.Build.0 = Debug|Any CPU
		{71F6903C-7524-450A-AF38-CAA96690B60F}.CodeAnalysisDebug|x64.ActiveCfg = Debug|Any CPU
		{71F6903C-7524-450A-AF38-CAA96690B60F}.CodeAnalysisDebug|x86.ActiveCfg = Debug|Any CPU
		{71F6903C-7524-450A-AF38-CAA96690B60F}.Debug|Any CPU.ActiveCfg = Debug|Any CPU
		{71F6903C-7524-450A-AF38-CAA96690B60F}.Debug|Any CPU.Build.0 = Debug|Any CPU
		{71F6903C-7524-450A-AF38-CAA96690B60F}.Debug|Mixed Platforms.ActiveCfg = Debug|Any CPU
		{71F6903C-7524-450A-AF38-CAA96690B60F}.Debug|Mixed Platforms.Build.0 = Debug|Any CPU
		{71F6903C-7524-450A-AF38-CAA96690B60F}.Debug|x64.ActiveCfg = Debug|Any CPU
		{71F6903C-7524-450A-AF38-CAA96690B60F}.Debug|x86.ActiveCfg = Debug|Any CPU
		{71F6903C-7524-450A-AF38-CAA96690B60F}.Release|Any CPU.ActiveCfg = Release|Any CPU
		{71F6903C-7524-450A-AF38-CAA96690B60F}.Release|Any CPU.Build.0 = Release|Any CPU
		{71F6903C-7524-450A-AF38-CAA96690B60F}.Release|Mixed Platforms.ActiveCfg = Release|Any CPU
		{71F6903C-7524-450A-AF38-CAA96690B60F}.Release|Mixed Platforms.Build.0 = Release|Any CPU
		{71F6903C-7524-450A-AF38-CAA96690B60F}.Release|x64.ActiveCfg = Release|Any CPU
		{71F6903C-7524-450A-AF38-CAA96690B60F}.Release|x86.ActiveCfg = Release|Any CPU
		{C0556333-5FAC-4F1D-847C-5F06ADDB4F28}.CodeAnalysisDebug|Any CPU.ActiveCfg = Debug|Any CPU
		{C0556333-5FAC-4F1D-847C-5F06ADDB4F28}.CodeAnalysisDebug|Any CPU.Build.0 = Debug|Any CPU
		{C0556333-5FAC-4F1D-847C-5F06ADDB4F28}.CodeAnalysisDebug|Mixed Platforms.ActiveCfg = Debug|Any CPU
		{C0556333-5FAC-4F1D-847C-5F06ADDB4F28}.CodeAnalysisDebug|Mixed Platforms.Build.0 = Debug|Any CPU
		{C0556333-5FAC-4F1D-847C-5F06ADDB4F28}.CodeAnalysisDebug|x64.ActiveCfg = Debug|Any CPU
		{C0556333-5FAC-4F1D-847C-5F06ADDB4F28}.CodeAnalysisDebug|x86.ActiveCfg = Debug|Any CPU
		{C0556333-5FAC-4F1D-847C-5F06ADDB4F28}.Debug|Any CPU.ActiveCfg = Debug|Any CPU
		{C0556333-5FAC-4F1D-847C-5F06ADDB4F28}.Debug|Any CPU.Build.0 = Debug|Any CPU
		{C0556333-5FAC-4F1D-847C-5F06ADDB4F28}.Debug|Mixed Platforms.ActiveCfg = Debug|Any CPU
		{C0556333-5FAC-4F1D-847C-5F06ADDB4F28}.Debug|Mixed Platforms.Build.0 = Debug|Any CPU
		{C0556333-5FAC-4F1D-847C-5F06ADDB4F28}.Debug|x64.ActiveCfg = Debug|Any CPU
		{C0556333-5FAC-4F1D-847C-5F06ADDB4F28}.Debug|x86.ActiveCfg = Debug|Any CPU
		{C0556333-5FAC-4F1D-847C-5F06ADDB4F28}.Release|Any CPU.ActiveCfg = Release|Any CPU
		{C0556333-5FAC-4F1D-847C-5F06ADDB4F28}.Release|Any CPU.Build.0 = Release|Any CPU
		{C0556333-5FAC-4F1D-847C-5F06ADDB4F28}.Release|Mixed Platforms.ActiveCfg = Release|Any CPU
		{C0556333-5FAC-4F1D-847C-5F06ADDB4F28}.Release|Mixed Platforms.Build.0 = Release|Any CPU
		{C0556333-5FAC-4F1D-847C-5F06ADDB4F28}.Release|x64.ActiveCfg = Release|Any CPU
		{C0556333-5FAC-4F1D-847C-5F06ADDB4F28}.Release|x86.ActiveCfg = Release|Any CPU
		{4024CB54-B419-4F96-938B-303288B955D2}.CodeAnalysisDebug|Any CPU.ActiveCfg = Debug|x86
		{4024CB54-B419-4F96-938B-303288B955D2}.CodeAnalysisDebug|Mixed Platforms.ActiveCfg = Debug|x86
		{4024CB54-B419-4F96-938B-303288B955D2}.CodeAnalysisDebug|Mixed Platforms.Build.0 = Debug|x86
		{4024CB54-B419-4F96-938B-303288B955D2}.CodeAnalysisDebug|x64.ActiveCfg = Debug|x86
		{4024CB54-B419-4F96-938B-303288B955D2}.CodeAnalysisDebug|x86.ActiveCfg = Debug|x86
		{4024CB54-B419-4F96-938B-303288B955D2}.CodeAnalysisDebug|x86.Build.0 = Debug|x86
		{4024CB54-B419-4F96-938B-303288B955D2}.Debug|Any CPU.ActiveCfg = Debug|x86
		{4024CB54-B419-4F96-938B-303288B955D2}.Debug|Mixed Platforms.ActiveCfg = Debug|x86
		{4024CB54-B419-4F96-938B-303288B955D2}.Debug|Mixed Platforms.Build.0 = Debug|x86
		{4024CB54-B419-4F96-938B-303288B955D2}.Debug|x64.ActiveCfg = Debug|x86
		{4024CB54-B419-4F96-938B-303288B955D2}.Debug|x86.ActiveCfg = Debug|x86
		{4024CB54-B419-4F96-938B-303288B955D2}.Debug|x86.Build.0 = Debug|x86
		{4024CB54-B419-4F96-938B-303288B955D2}.Release|Any CPU.ActiveCfg = Release|x86
		{4024CB54-B419-4F96-938B-303288B955D2}.Release|Mixed Platforms.ActiveCfg = Release|x86
		{4024CB54-B419-4F96-938B-303288B955D2}.Release|Mixed Platforms.Build.0 = Release|x86
		{4024CB54-B419-4F96-938B-303288B955D2}.Release|x64.ActiveCfg = Release|x86
		{4024CB54-B419-4F96-938B-303288B955D2}.Release|x86.ActiveCfg = Release|x86
		{4024CB54-B419-4F96-938B-303288B955D2}.Release|x86.Build.0 = Release|x86
		{5A739D28-9188-427B-8EB8-1C715D50D289}.CodeAnalysisDebug|Any CPU.ActiveCfg = Debug|Any CPU
		{5A739D28-9188-427B-8EB8-1C715D50D289}.CodeAnalysisDebug|Any CPU.Build.0 = Debug|Any CPU
		{5A739D28-9188-427B-8EB8-1C715D50D289}.CodeAnalysisDebug|Mixed Platforms.ActiveCfg = Debug|Any CPU
		{5A739D28-9188-427B-8EB8-1C715D50D289}.CodeAnalysisDebug|Mixed Platforms.Build.0 = Debug|Any CPU
		{5A739D28-9188-427B-8EB8-1C715D50D289}.CodeAnalysisDebug|x64.ActiveCfg = Debug|Any CPU
		{5A739D28-9188-427B-8EB8-1C715D50D289}.CodeAnalysisDebug|x86.ActiveCfg = Debug|Any CPU
		{5A739D28-9188-427B-8EB8-1C715D50D289}.Debug|Any CPU.ActiveCfg = Debug|Any CPU
		{5A739D28-9188-427B-8EB8-1C715D50D289}.Debug|Any CPU.Build.0 = Debug|Any CPU
		{5A739D28-9188-427B-8EB8-1C715D50D289}.Debug|Mixed Platforms.ActiveCfg = Debug|Any CPU
		{5A739D28-9188-427B-8EB8-1C715D50D289}.Debug|Mixed Platforms.Build.0 = Debug|Any CPU
		{5A739D28-9188-427B-8EB8-1C715D50D289}.Debug|x64.ActiveCfg = Debug|Any CPU
		{5A739D28-9188-427B-8EB8-1C715D50D289}.Debug|x86.ActiveCfg = Debug|Any CPU
		{5A739D28-9188-427B-8EB8-1C715D50D289}.Release|Any CPU.ActiveCfg = Release|Any CPU
		{5A739D28-9188-427B-8EB8-1C715D50D289}.Release|Any CPU.Build.0 = Release|Any CPU
		{5A739D28-9188-427B-8EB8-1C715D50D289}.Release|Mixed Platforms.ActiveCfg = Release|Any CPU
		{5A739D28-9188-427B-8EB8-1C715D50D289}.Release|Mixed Platforms.Build.0 = Release|Any CPU
		{5A739D28-9188-427B-8EB8-1C715D50D289}.Release|x64.ActiveCfg = Release|Any CPU
		{5A739D28-9188-427B-8EB8-1C715D50D289}.Release|x86.ActiveCfg = Release|Any CPU
	EndGlobalSection
	GlobalSection(SolutionProperties) = preSolution
		HideSolutionNode = FALSE
	EndGlobalSection
	GlobalSection(NestedProjects) = preSolution
		{5A739D28-9188-427B-8EB8-1C715D50D289} = {AFDD20DA-81E2-47D1-B74D-BFCEA2A3147B}
	EndGlobalSection
EndGlobal
